
Microsoft Visual Studio Solution File, Format Version 12.00
# Visual Studio Version 17
VisualStudioVersion = 17.0.31825.309
MinimumVisualStudioVersion = 10.0.40219.1
Project("{2150E333-8FDC-42A3-9474-1A3956D46DE8}") = "src", "src", "{3647730E-193B-45E9-8ECE-DDA7494C9030}"
	ProjectSection(SolutionItems) = preProject
		src\Directory.Build.props = src\Directory.Build.props
	EndProjectSection
EndProject
Project("{9A19103F-16F7-4668-BE54-9A1E7A4F7556}") = "Tingle.EventBus", "src\Tingle.EventBus\Tingle.EventBus.csproj", "{967CBEC5-4A2D-4635-905D-6AA2DFE1341F}"
EndProject
Project("{9A19103F-16F7-4668-BE54-9A1E7A4F7556}") = "Tingle.EventBus.Serializers.NewtonsoftJson", "src\Tingle.EventBus.Serializers.NewtonsoftJson\Tingle.EventBus.Serializers.NewtonsoftJson.csproj", "{B292B03E-7909-49F4-9295-F9F1FED0EF02}"
EndProject
Project("{9A19103F-16F7-4668-BE54-9A1E7A4F7556}") = "Tingle.EventBus.Transports.Amazon.Abstractions", "src\Tingle.EventBus.Transports.Amazon.Abstractions\Tingle.EventBus.Transports.Amazon.Abstractions.csproj", "{1ED48501-B1A3-4882-B67A-FC39278505BE}"
EndProject
Project("{9A19103F-16F7-4668-BE54-9A1E7A4F7556}") = "Tingle.EventBus.Transports.Amazon.Kinesis", "src\Tingle.EventBus.Transports.Amazon.Kinesis\Tingle.EventBus.Transports.Amazon.Kinesis.csproj", "{7432F6AC-265B-4226-B285-AE9ABB33F4AD}"
EndProject
Project("{9A19103F-16F7-4668-BE54-9A1E7A4F7556}") = "Tingle.EventBus.Transports.Amazon.Sqs", "src\Tingle.EventBus.Transports.Amazon.Sqs\Tingle.EventBus.Transports.Amazon.Sqs.csproj", "{9D2FB610-EBAB-434C-A7C3-6FB20C3D0C3E}"
EndProject
Project("{9A19103F-16F7-4668-BE54-9A1E7A4F7556}") = "Tingle.EventBus.Transports.Azure.Abstractions", "src\Tingle.EventBus.Transports.Azure.Abstractions\Tingle.EventBus.Transports.Azure.Abstractions.csproj", "{077CA270-48E2-4C69-993B-740382364B28}"
EndProject
Project("{9A19103F-16F7-4668-BE54-9A1E7A4F7556}") = "Tingle.EventBus.Transports.Azure.EventHubs", "src\Tingle.EventBus.Transports.Azure.EventHubs\Tingle.EventBus.Transports.Azure.EventHubs.csproj", "{96ABC0DF-3007-4FC4-B6B0-FE24A11D7C60}"
EndProject
Project("{9A19103F-16F7-4668-BE54-9A1E7A4F7556}") = "Tingle.EventBus.Transports.Azure.ServiceBus", "src\Tingle.EventBus.Transports.Azure.ServiceBus\Tingle.EventBus.Transports.Azure.ServiceBus.csproj", "{0CD9B9A2-FA9E-49EC-BE7A-3E5E425A2E53}"
EndProject
Project("{9A19103F-16F7-4668-BE54-9A1E7A4F7556}") = "Tingle.EventBus.Transports.Azure.QueueStorage", "src\Tingle.EventBus.Transports.Azure.QueueStorage\Tingle.EventBus.Transports.Azure.QueueStorage.csproj", "{07C3232C-687A-4C85-9A67-9BEF854BB91F}"
EndProject
Project("{9A19103F-16F7-4668-BE54-9A1E7A4F7556}") = "Tingle.EventBus.Transports.InMemory", "src\Tingle.EventBus.Transports.InMemory\Tingle.EventBus.Transports.InMemory.csproj", "{51E174CE-44A5-49D7-92E8-3521B04838E7}"
EndProject
Project("{9A19103F-16F7-4668-BE54-9A1E7A4F7556}") = "Tingle.EventBus.Transports.Kafka", "src\Tingle.EventBus.Transports.Kafka\Tingle.EventBus.Transports.Kafka.csproj", "{2664F6EA-94DB-4E14-A5B3-43FBCCF472E3}"
EndProject
Project("{9A19103F-16F7-4668-BE54-9A1E7A4F7556}") = "Tingle.EventBus.Transports.RabbitMQ", "src\Tingle.EventBus.Transports.RabbitMQ\Tingle.EventBus.Transports.RabbitMQ.csproj", "{1BCD0C98-D061-4143-B00F-0031FBCD5E5E}"
EndProject
Project("{2150E333-8FDC-42A3-9474-1A3956D46DE8}") = "tests", "tests", "{BDD324B6-9EFC-49A3-9CF6-6CE494446C4B}"
	ProjectSection(SolutionItems) = preProject
		tests\Directory.Build.props = tests\Directory.Build.props
	EndProjectSection
EndProject
Project("{9A19103F-16F7-4668-BE54-9A1E7A4F7556}") = "Tingle.EventBus.Tests", "tests\Tingle.EventBus.Tests\Tingle.EventBus.Tests.csproj", "{108968DB-1C48-4B53-9F23-CE7C5BAA88B4}"
EndProject
Project("{9A19103F-16F7-4668-BE54-9A1E7A4F7556}") = "Tingle.EventBus.Transports.Azure.EventHubs.Tests", "tests\Tingle.EventBus.Transports.Azure.EventHubs.Tests\Tingle.EventBus.Transports.Azure.EventHubs.Tests.csproj", "{B52EE5B6-D86E-4415-8688-E835220AD219}"
EndProject
Project("{9A19103F-16F7-4668-BE54-9A1E7A4F7556}") = "Tingle.EventBus.Transports.Azure.ServiceBus.Tests", "tests\Tingle.EventBus.Transports.Azure.ServiceBus.Tests\Tingle.EventBus.Transports.Azure.ServiceBus.Tests.csproj", "{C2E8CDC9-E607-4DDF-9796-98EF9CAFC65D}"
EndProject
Project("{9A19103F-16F7-4668-BE54-9A1E7A4F7556}") = "Tingle.EventBus.Transports.InMemory.Tests", "tests\Tingle.EventBus.Transports.InMemory.Tests\Tingle.EventBus.Transports.InMemory.Tests.csproj", "{E4D62A60-39E4-401E-B146-0EA8DA272664}"
EndProject
Project("{9A19103F-16F7-4668-BE54-9A1E7A4F7556}") = "Tingle.EventBus.Transports.Kafka.Tests", "tests\Tingle.EventBus.Transports.Kafka.Tests\Tingle.EventBus.Transports.Kafka.Tests.csproj", "{F827E66C-53DE-4366-A552-0320B3563294}"
EndProject
Project("{2150E333-8FDC-42A3-9474-1A3956D46DE8}") = "samples", "samples", "{62F603F3-FF36-4E36-AC0C-08D1883525BE}"
	ProjectSection(SolutionItems) = preProject
		samples\Directory.Build.props = samples\Directory.Build.props
	EndProjectSection
EndProject
Project("{9A19103F-16F7-4668-BE54-9A1E7A4F7556}") = "AmazonSqsAndSns", "samples\AmazonSqsAndSns\AmazonSqsAndSns.csproj", "{C369A8E1-F29D-4705-BD38-28C3DE80D8DB}"
EndProject
Project("{9A19103F-16F7-4668-BE54-9A1E7A4F7556}") = "AzureIotHub", "samples\AzureIotHub\AzureIotHub.csproj", "{3759B206-BF8D-4E46-9B04-1C19F156D295}"
EndProject
Project("{9A19103F-16F7-4668-BE54-9A1E7A4F7556}") = "AzureManagedIdentity", "samples\AzureManagedIdentity\AzureManagedIdentity.csproj", "{A9AA8DC8-F463-4BB2-AD7B-59060C758862}"
EndProject
Project("{9A19103F-16F7-4668-BE54-9A1E7A4F7556}") = "ConfigSample", "samples\ConfigSample\ConfigSample.csproj", "{8E115759-87CC-4F45-9679-A9EBBD59992B}"
EndProject
Project("{9A19103F-16F7-4668-BE54-9A1E7A4F7556}") = "CustomEventConfigurator", "samples\CustomEventConfigurator\CustomEventConfigurator.csproj", "{8C0EE13F-701F-45EF-BADF-6B7A22AA6785}"
EndProject
Project("{9A19103F-16F7-4668-BE54-9A1E7A4F7556}") = "CustomEventSerializer", "samples\CustomEventSerializer\CustomEventSerializer.csproj", "{2C55FABC-8C94-4104-BE05-42A477D2AD9E}"
EndProject
Project("{9A19103F-16F7-4668-BE54-9A1E7A4F7556}") = "InMemoryBackgroundProcessing", "samples\InMemoryBackgroundProcessing\InMemoryBackgroundProcessing.csproj", "{C9293277-90BA-4F1A-BEA7-85CE41103B8D}"
EndProject
Project("{9A19103F-16F7-4668-BE54-9A1E7A4F7556}") = "MultiEventsConsumer", "samples\MultiEventsConsumer\MultiEventsConsumer.csproj", "{E9D6F25A-0586-4409-A3EB-A72B6E89A71C}"
EndProject
Project("{9A19103F-16F7-4668-BE54-9A1E7A4F7556}") = "MultipleConsumers", "samples\MultipleConsumers\MultipleConsumers.csproj", "{B2043778-DDC9-4396-801C-442EFF0C7E73}"
EndProject
Project("{9A19103F-16F7-4668-BE54-9A1E7A4F7556}") = "MultipleDifferentTransports", "samples\MultipleDifferentTransports\MultipleDifferentTransports.csproj", "{FC8C4CF2-16F7-4BBC-8A67-446AF35D3C19}"
EndProject
Project("{9A19103F-16F7-4668-BE54-9A1E7A4F7556}") = "MultipleSimilarTransports", "samples\MultipleSimilarTransports\MultipleSimilarTransports.csproj", "{AC629321-9099-46F7-BD26-4205DA724D64}"
EndProject
Project("{9A19103F-16F7-4668-BE54-9A1E7A4F7556}") = "SimpleConsumer", "samples\SimpleConsumer\SimpleConsumer.csproj", "{ED1E8BA4-9538-42AB-9759-4FC4233A36B1}"
EndProject
Project("{9A19103F-16F7-4668-BE54-9A1E7A4F7556}") = "SimplePublisher", "samples\SimplePublisher\SimplePublisher.csproj", "{2FEC41FE-188B-4B02-943B-0FEAB0E1FA39}"
EndProject
Global
	GlobalSection(SolutionConfigurationPlatforms) = preSolution
		Debug|Any CPU = Debug|Any CPU
		Release|Any CPU = Release|Any CPU
	EndGlobalSection
	GlobalSection(ProjectConfigurationPlatforms) = postSolution
		{967CBEC5-4A2D-4635-905D-6AA2DFE1341F}.Debug|Any CPU.ActiveCfg = Debug|Any CPU
		{967CBEC5-4A2D-4635-905D-6AA2DFE1341F}.Debug|Any CPU.Build.0 = Debug|Any CPU
		{967CBEC5-4A2D-4635-905D-6AA2DFE1341F}.Release|Any CPU.ActiveCfg = Release|Any CPU
		{967CBEC5-4A2D-4635-905D-6AA2DFE1341F}.Release|Any CPU.Build.0 = Release|Any CPU
		{B292B03E-7909-49F4-9295-F9F1FED0EF02}.Debug|Any CPU.ActiveCfg = Debug|Any CPU
		{B292B03E-7909-49F4-9295-F9F1FED0EF02}.Debug|Any CPU.Build.0 = Debug|Any CPU
		{B292B03E-7909-49F4-9295-F9F1FED0EF02}.Release|Any CPU.ActiveCfg = Release|Any CPU
		{B292B03E-7909-49F4-9295-F9F1FED0EF02}.Release|Any CPU.Build.0 = Release|Any CPU
		{1ED48501-B1A3-4882-B67A-FC39278505BE}.Debug|Any CPU.ActiveCfg = Debug|Any CPU
		{1ED48501-B1A3-4882-B67A-FC39278505BE}.Debug|Any CPU.Build.0 = Debug|Any CPU
		{1ED48501-B1A3-4882-B67A-FC39278505BE}.Release|Any CPU.ActiveCfg = Release|Any CPU
		{1ED48501-B1A3-4882-B67A-FC39278505BE}.Release|Any CPU.Build.0 = Release|Any CPU
		{7432F6AC-265B-4226-B285-AE9ABB33F4AD}.Debug|Any CPU.ActiveCfg = Debug|Any CPU
		{7432F6AC-265B-4226-B285-AE9ABB33F4AD}.Debug|Any CPU.Build.0 = Debug|Any CPU
		{7432F6AC-265B-4226-B285-AE9ABB33F4AD}.Release|Any CPU.ActiveCfg = Release|Any CPU
		{7432F6AC-265B-4226-B285-AE9ABB33F4AD}.Release|Any CPU.Build.0 = Release|Any CPU
		{9D2FB610-EBAB-434C-A7C3-6FB20C3D0C3E}.Debug|Any CPU.ActiveCfg = Debug|Any CPU
		{9D2FB610-EBAB-434C-A7C3-6FB20C3D0C3E}.Debug|Any CPU.Build.0 = Debug|Any CPU
		{9D2FB610-EBAB-434C-A7C3-6FB20C3D0C3E}.Release|Any CPU.ActiveCfg = Release|Any CPU
		{9D2FB610-EBAB-434C-A7C3-6FB20C3D0C3E}.Release|Any CPU.Build.0 = Release|Any CPU
		{077CA270-48E2-4C69-993B-740382364B28}.Debug|Any CPU.ActiveCfg = Debug|Any CPU
		{077CA270-48E2-4C69-993B-740382364B28}.Debug|Any CPU.Build.0 = Debug|Any CPU
		{077CA270-48E2-4C69-993B-740382364B28}.Release|Any CPU.ActiveCfg = Release|Any CPU
		{077CA270-48E2-4C69-993B-740382364B28}.Release|Any CPU.Build.0 = Release|Any CPU
		{96ABC0DF-3007-4FC4-B6B0-FE24A11D7C60}.Debug|Any CPU.ActiveCfg = Debug|Any CPU
		{96ABC0DF-3007-4FC4-B6B0-FE24A11D7C60}.Debug|Any CPU.Build.0 = Debug|Any CPU
		{96ABC0DF-3007-4FC4-B6B0-FE24A11D7C60}.Release|Any CPU.ActiveCfg = Release|Any CPU
		{96ABC0DF-3007-4FC4-B6B0-FE24A11D7C60}.Release|Any CPU.Build.0 = Release|Any CPU
		{0CD9B9A2-FA9E-49EC-BE7A-3E5E425A2E53}.Debug|Any CPU.ActiveCfg = Debug|Any CPU
		{0CD9B9A2-FA9E-49EC-BE7A-3E5E425A2E53}.Debug|Any CPU.Build.0 = Debug|Any CPU
		{0CD9B9A2-FA9E-49EC-BE7A-3E5E425A2E53}.Release|Any CPU.ActiveCfg = Release|Any CPU
		{0CD9B9A2-FA9E-49EC-BE7A-3E5E425A2E53}.Release|Any CPU.Build.0 = Release|Any CPU
		{07C3232C-687A-4C85-9A67-9BEF854BB91F}.Debug|Any CPU.ActiveCfg = Debug|Any CPU
		{07C3232C-687A-4C85-9A67-9BEF854BB91F}.Debug|Any CPU.Build.0 = Debug|Any CPU
		{07C3232C-687A-4C85-9A67-9BEF854BB91F}.Release|Any CPU.ActiveCfg = Release|Any CPU
		{07C3232C-687A-4C85-9A67-9BEF854BB91F}.Release|Any CPU.Build.0 = Release|Any CPU
		{51E174CE-44A5-49D7-92E8-3521B04838E7}.Debug|Any CPU.ActiveCfg = Debug|Any CPU
		{51E174CE-44A5-49D7-92E8-3521B04838E7}.Debug|Any CPU.Build.0 = Debug|Any CPU
		{51E174CE-44A5-49D7-92E8-3521B04838E7}.Release|Any CPU.ActiveCfg = Release|Any CPU
		{51E174CE-44A5-49D7-92E8-3521B04838E7}.Release|Any CPU.Build.0 = Release|Any CPU
		{2664F6EA-94DB-4E14-A5B3-43FBCCF472E3}.Debug|Any CPU.ActiveCfg = Debug|Any CPU
		{2664F6EA-94DB-4E14-A5B3-43FBCCF472E3}.Debug|Any CPU.Build.0 = Debug|Any CPU
		{2664F6EA-94DB-4E14-A5B3-43FBCCF472E3}.Release|Any CPU.ActiveCfg = Release|Any CPU
		{2664F6EA-94DB-4E14-A5B3-43FBCCF472E3}.Release|Any CPU.Build.0 = Release|Any CPU
		{1BCD0C98-D061-4143-B00F-0031FBCD5E5E}.Debug|Any CPU.ActiveCfg = Debug|Any CPU
		{1BCD0C98-D061-4143-B00F-0031FBCD5E5E}.Debug|Any CPU.Build.0 = Debug|Any CPU
		{1BCD0C98-D061-4143-B00F-0031FBCD5E5E}.Release|Any CPU.ActiveCfg = Release|Any CPU
		{1BCD0C98-D061-4143-B00F-0031FBCD5E5E}.Release|Any CPU.Build.0 = Release|Any CPU
		{108968DB-1C48-4B53-9F23-CE7C5BAA88B4}.Debug|Any CPU.ActiveCfg = Debug|Any CPU
		{108968DB-1C48-4B53-9F23-CE7C5BAA88B4}.Debug|Any CPU.Build.0 = Debug|Any CPU
		{108968DB-1C48-4B53-9F23-CE7C5BAA88B4}.Release|Any CPU.ActiveCfg = Release|Any CPU
		{108968DB-1C48-4B53-9F23-CE7C5BAA88B4}.Release|Any CPU.Build.0 = Release|Any CPU
		{B52EE5B6-D86E-4415-8688-E835220AD219}.Debug|Any CPU.ActiveCfg = Debug|Any CPU
		{B52EE5B6-D86E-4415-8688-E835220AD219}.Debug|Any CPU.Build.0 = Debug|Any CPU
		{B52EE5B6-D86E-4415-8688-E835220AD219}.Release|Any CPU.ActiveCfg = Release|Any CPU
		{B52EE5B6-D86E-4415-8688-E835220AD219}.Release|Any CPU.Build.0 = Release|Any CPU
		{C2E8CDC9-E607-4DDF-9796-98EF9CAFC65D}.Debug|Any CPU.ActiveCfg = Debug|Any CPU
		{C2E8CDC9-E607-4DDF-9796-98EF9CAFC65D}.Debug|Any CPU.Build.0 = Debug|Any CPU
		{C2E8CDC9-E607-4DDF-9796-98EF9CAFC65D}.Release|Any CPU.ActiveCfg = Release|Any CPU
		{C2E8CDC9-E607-4DDF-9796-98EF9CAFC65D}.Release|Any CPU.Build.0 = Release|Any CPU
		{E4D62A60-39E4-401E-B146-0EA8DA272664}.Debug|Any CPU.ActiveCfg = Debug|Any CPU
		{E4D62A60-39E4-401E-B146-0EA8DA272664}.Debug|Any CPU.Build.0 = Debug|Any CPU
		{E4D62A60-39E4-401E-B146-0EA8DA272664}.Release|Any CPU.ActiveCfg = Release|Any CPU
		{E4D62A60-39E4-401E-B146-0EA8DA272664}.Release|Any CPU.Build.0 = Release|Any CPU
		{F827E66C-53DE-4366-A552-0320B3563294}.Debug|Any CPU.ActiveCfg = Debug|Any CPU
		{F827E66C-53DE-4366-A552-0320B3563294}.Debug|Any CPU.Build.0 = Debug|Any CPU
		{F827E66C-53DE-4366-A552-0320B3563294}.Release|Any CPU.ActiveCfg = Release|Any CPU
		{F827E66C-53DE-4366-A552-0320B3563294}.Release|Any CPU.Build.0 = Release|Any CPU
		{C369A8E1-F29D-4705-BD38-28C3DE80D8DB}.Debug|Any CPU.ActiveCfg = Debug|Any CPU
		{C369A8E1-F29D-4705-BD38-28C3DE80D8DB}.Debug|Any CPU.Build.0 = Debug|Any CPU
		{C369A8E1-F29D-4705-BD38-28C3DE80D8DB}.Release|Any CPU.ActiveCfg = Release|Any CPU
		{C369A8E1-F29D-4705-BD38-28C3DE80D8DB}.Release|Any CPU.Build.0 = Release|Any CPU
		{3759B206-BF8D-4E46-9B04-1C19F156D295}.Debug|Any CPU.ActiveCfg = Debug|Any CPU
		{3759B206-BF8D-4E46-9B04-1C19F156D295}.Debug|Any CPU.Build.0 = Debug|Any CPU
		{3759B206-BF8D-4E46-9B04-1C19F156D295}.Release|Any CPU.ActiveCfg = Release|Any CPU
		{3759B206-BF8D-4E46-9B04-1C19F156D295}.Release|Any CPU.Build.0 = Release|Any CPU
		{A9AA8DC8-F463-4BB2-AD7B-59060C758862}.Debug|Any CPU.ActiveCfg = Debug|Any CPU
		{A9AA8DC8-F463-4BB2-AD7B-59060C758862}.Debug|Any CPU.Build.0 = Debug|Any CPU
		{A9AA8DC8-F463-4BB2-AD7B-59060C758862}.Release|Any CPU.ActiveCfg = Release|Any CPU
		{A9AA8DC8-F463-4BB2-AD7B-59060C758862}.Release|Any CPU.Build.0 = Release|Any CPU
		{8E115759-87CC-4F45-9679-A9EBBD59992B}.Debug|Any CPU.ActiveCfg = Debug|Any CPU
		{8E115759-87CC-4F45-9679-A9EBBD59992B}.Debug|Any CPU.Build.0 = Debug|Any CPU
		{8E115759-87CC-4F45-9679-A9EBBD59992B}.Release|Any CPU.ActiveCfg = Release|Any CPU
		{8E115759-87CC-4F45-9679-A9EBBD59992B}.Release|Any CPU.Build.0 = Release|Any CPU
		{8C0EE13F-701F-45EF-BADF-6B7A22AA6785}.Debug|Any CPU.ActiveCfg = Debug|Any CPU
		{8C0EE13F-701F-45EF-BADF-6B7A22AA6785}.Debug|Any CPU.Build.0 = Debug|Any CPU
		{8C0EE13F-701F-45EF-BADF-6B7A22AA6785}.Release|Any CPU.ActiveCfg = Release|Any CPU
		{8C0EE13F-701F-45EF-BADF-6B7A22AA6785}.Release|Any CPU.Build.0 = Release|Any CPU
		{2C55FABC-8C94-4104-BE05-42A477D2AD9E}.Debug|Any CPU.ActiveCfg = Debug|Any CPU
		{2C55FABC-8C94-4104-BE05-42A477D2AD9E}.Debug|Any CPU.Build.0 = Debug|Any CPU
		{2C55FABC-8C94-4104-BE05-42A477D2AD9E}.Release|Any CPU.ActiveCfg = Release|Any CPU
		{2C55FABC-8C94-4104-BE05-42A477D2AD9E}.Release|Any CPU.Build.0 = Release|Any CPU
		{C9293277-90BA-4F1A-BEA7-85CE41103B8D}.Debug|Any CPU.ActiveCfg = Debug|Any CPU
		{C9293277-90BA-4F1A-BEA7-85CE41103B8D}.Debug|Any CPU.Build.0 = Debug|Any CPU
		{C9293277-90BA-4F1A-BEA7-85CE41103B8D}.Release|Any CPU.ActiveCfg = Release|Any CPU
		{C9293277-90BA-4F1A-BEA7-85CE41103B8D}.Release|Any CPU.Build.0 = Release|Any CPU
		{E9D6F25A-0586-4409-A3EB-A72B6E89A71C}.Debug|Any CPU.ActiveCfg = Debug|Any CPU
		{E9D6F25A-0586-4409-A3EB-A72B6E89A71C}.Debug|Any CPU.Build.0 = Debug|Any CPU
		{E9D6F25A-0586-4409-A3EB-A72B6E89A71C}.Release|Any CPU.ActiveCfg = Release|Any CPU
		{E9D6F25A-0586-4409-A3EB-A72B6E89A71C}.Release|Any CPU.Build.0 = Release|Any CPU
		{B2043778-DDC9-4396-801C-442EFF0C7E73}.Debug|Any CPU.ActiveCfg = Debug|Any CPU
		{B2043778-DDC9-4396-801C-442EFF0C7E73}.Debug|Any CPU.Build.0 = Debug|Any CPU
		{B2043778-DDC9-4396-801C-442EFF0C7E73}.Release|Any CPU.ActiveCfg = Release|Any CPU
		{B2043778-DDC9-4396-801C-442EFF0C7E73}.Release|Any CPU.Build.0 = Release|Any CPU
		{FC8C4CF2-16F7-4BBC-8A67-446AF35D3C19}.Debug|Any CPU.ActiveCfg = Debug|Any CPU
		{FC8C4CF2-16F7-4BBC-8A67-446AF35D3C19}.Debug|Any CPU.Build.0 = Debug|Any CPU
		{FC8C4CF2-16F7-4BBC-8A67-446AF35D3C19}.Release|Any CPU.ActiveCfg = Release|Any CPU
		{FC8C4CF2-16F7-4BBC-8A67-446AF35D3C19}.Release|Any CPU.Build.0 = Release|Any CPU
		{AC629321-9099-46F7-BD26-4205DA724D64}.Debug|Any CPU.ActiveCfg = Debug|Any CPU
		{AC629321-9099-46F7-BD26-4205DA724D64}.Debug|Any CPU.Build.0 = Debug|Any CPU
		{AC629321-9099-46F7-BD26-4205DA724D64}.Release|Any CPU.ActiveCfg = Release|Any CPU
		{AC629321-9099-46F7-BD26-4205DA724D64}.Release|Any CPU.Build.0 = Release|Any CPU
		{ED1E8BA4-9538-42AB-9759-4FC4233A36B1}.Debug|Any CPU.ActiveCfg = Debug|Any CPU
		{ED1E8BA4-9538-42AB-9759-4FC4233A36B1}.Debug|Any CPU.Build.0 = Debug|Any CPU
		{ED1E8BA4-9538-42AB-9759-4FC4233A36B1}.Release|Any CPU.ActiveCfg = Release|Any CPU
		{ED1E8BA4-9538-42AB-9759-4FC4233A36B1}.Release|Any CPU.Build.0 = Release|Any CPU
		{2FEC41FE-188B-4B02-943B-0FEAB0E1FA39}.Debug|Any CPU.ActiveCfg = Debug|Any CPU
		{2FEC41FE-188B-4B02-943B-0FEAB0E1FA39}.Debug|Any CPU.Build.0 = Debug|Any CPU
		{2FEC41FE-188B-4B02-943B-0FEAB0E1FA39}.Release|Any CPU.ActiveCfg = Release|Any CPU
		{2FEC41FE-188B-4B02-943B-0FEAB0E1FA39}.Release|Any CPU.Build.0 = Release|Any CPU
	EndGlobalSection
	GlobalSection(SolutionProperties) = preSolution
		HideSolutionNode = FALSE
	EndGlobalSection
	GlobalSection(NestedProjects) = preSolution
		{967CBEC5-4A2D-4635-905D-6AA2DFE1341F} = {3647730E-193B-45E9-8ECE-DDA7494C9030}
		{B292B03E-7909-49F4-9295-F9F1FED0EF02} = {3647730E-193B-45E9-8ECE-DDA7494C9030}
		{1ED48501-B1A3-4882-B67A-FC39278505BE} = {3647730E-193B-45E9-8ECE-DDA7494C9030}
		{7432F6AC-265B-4226-B285-AE9ABB33F4AD} = {3647730E-193B-45E9-8ECE-DDA7494C9030}
		{9D2FB610-EBAB-434C-A7C3-6FB20C3D0C3E} = {3647730E-193B-45E9-8ECE-DDA7494C9030}
		{077CA270-48E2-4C69-993B-740382364B28} = {3647730E-193B-45E9-8ECE-DDA7494C9030}
		{96ABC0DF-3007-4FC4-B6B0-FE24A11D7C60} = {3647730E-193B-45E9-8ECE-DDA7494C9030}
		{0CD9B9A2-FA9E-49EC-BE7A-3E5E425A2E53} = {3647730E-193B-45E9-8ECE-DDA7494C9030}
		{07C3232C-687A-4C85-9A67-9BEF854BB91F} = {3647730E-193B-45E9-8ECE-DDA7494C9030}
		{51E174CE-44A5-49D7-92E8-3521B04838E7} = {3647730E-193B-45E9-8ECE-DDA7494C9030}
		{2664F6EA-94DB-4E14-A5B3-43FBCCF472E3} = {3647730E-193B-45E9-8ECE-DDA7494C9030}
		{1BCD0C98-D061-4143-B00F-0031FBCD5E5E} = {3647730E-193B-45E9-8ECE-DDA7494C9030}
		{108968DB-1C48-4B53-9F23-CE7C5BAA88B4} = {BDD324B6-9EFC-49A3-9CF6-6CE494446C4B}
		{B52EE5B6-D86E-4415-8688-E835220AD219} = {BDD324B6-9EFC-49A3-9CF6-6CE494446C4B}
		{C2E8CDC9-E607-4DDF-9796-98EF9CAFC65D} = {BDD324B6-9EFC-49A3-9CF6-6CE494446C4B}
		{E4D62A60-39E4-401E-B146-0EA8DA272664} = {BDD324B6-9EFC-49A3-9CF6-6CE494446C4B}
		{F827E66C-53DE-4366-A552-0320B3563294} = {BDD324B6-9EFC-49A3-9CF6-6CE494446C4B}
		{C369A8E1-F29D-4705-BD38-28C3DE80D8DB} = {62F603F3-FF36-4E36-AC0C-08D1883525BE}
		{3759B206-BF8D-4E46-9B04-1C19F156D295} = {62F603F3-FF36-4E36-AC0C-08D1883525BE}
		{A9AA8DC8-F463-4BB2-AD7B-59060C758862} = {62F603F3-FF36-4E36-AC0C-08D1883525BE}
		{8E115759-87CC-4F45-9679-A9EBBD59992B} = {62F603F3-FF36-4E36-AC0C-08D1883525BE}
		{8C0EE13F-701F-45EF-BADF-6B7A22AA6785} = {62F603F3-FF36-4E36-AC0C-08D1883525BE}
		{2C55FABC-8C94-4104-BE05-42A477D2AD9E} = {62F603F3-FF36-4E36-AC0C-08D1883525BE}
		{C9293277-90BA-4F1A-BEA7-85CE41103B8D} = {62F603F3-FF36-4E36-AC0C-08D1883525BE}
		{E9D6F25A-0586-4409-A3EB-A72B6E89A71C} = {62F603F3-FF36-4E36-AC0C-08D1883525BE}
		{B2043778-DDC9-4396-801C-442EFF0C7E73} = {62F603F3-FF36-4E36-AC0C-08D1883525BE}
		{FC8C4CF2-16F7-4BBC-8A67-446AF35D3C19} = {62F603F3-FF36-4E36-AC0C-08D1883525BE}
		{AC629321-9099-46F7-BD26-4205DA724D64} = {62F603F3-FF36-4E36-AC0C-08D1883525BE}
		{ED1E8BA4-9538-42AB-9759-4FC4233A36B1} = {62F603F3-FF36-4E36-AC0C-08D1883525BE}
		{2FEC41FE-188B-4B02-943B-0FEAB0E1FA39} = {62F603F3-FF36-4E36-AC0C-08D1883525BE}
	EndGlobalSection
	GlobalSection(ExtensibilityGlobals) = postSolution
		SolutionGuid = {9E5CC03E-DDE6-4455-9D5D-03617DE5DBD8}
	EndGlobalSection
EndGlobal
